
Microsoft Visual Studio Solution File, Format Version 12.00
# Visual Studio 15
VisualStudioVersion = 15.0.28307.168
MinimumVisualStudioVersion = 10.0.40219.1
Project("{8BC9CEB8-8B4A-11D0-8D11-00A0C91BC942}") = "Alesund", "Alesund\Alesund.vcxproj", "{95A4AEED-1005-46A7-A166-553EA5803D8C}"
EndProject
Global
	GlobalSection(SolutionConfigurationPlatforms) = preSolution
		Debug|x64 = Debug|x64
		Debug|x86 = Debug|x86
		Release|x64 = Release|x64
		Release|x86 = Release|x86
	EndGlobalSection
	GlobalSection(ProjectConfigurationPlatforms) = postSolution
		{95A4AEED-1005-46A7-A166-553EA5803D8C}.Debug|x64.ActiveCfg = Debug|x64
		{95A4AEED-1005-46A7-A166-553EA5803D8C}.Debug|x64.Build.0 = Debug|x64
		{95A4AEED-1005-46A7-A166-553EA5803D8C}.Debug|x86.ActiveCfg = Debug|Win32
		{95A4AEED-1005-46A7-A166-553EA5803D8C}.Debug|x86.Build.0 = Debug|Win32
		{95A4AEED-1005-46A7-A166-553EA5803D8C}.Release|x64.ActiveCfg = Release|x64
		{95A4AEED-1005-46A7-A166-553EA5803D8C}.Release|x64.Build.0 = Release|x64
		{95A4AEED-1005-46A7-A166-553EA5803D8C}.Release|x86.ActiveCfg = Release|Win32
		{95A4AEED-1005-46A7-A166-553EA5803D8C}.Release|x86.Build.0 = Release|Win32
	EndGlobalSection
	GlobalSection(SolutionProperties) = preSolution
		HideSolutionNode = FALSE
	EndGlobalSection
	GlobalSection(ExtensibilityGlobals) = postSolution
		SolutionGuid = {8C2B0A81-9AA2-4E9F-A65D-7C99ACF5D13E}
	EndGlobalSection
EndGlobal
